
Microsoft Visual Studio Solution File, Format Version 12.00
# Visual Studio 14
VisualStudioVersion = 14.0.25420.1
MinimumVisualStudioVersion = 10.0.40219.1
Project("{FAE04EC0-301F-11D3-BF4B-00C04F79EFBC}") = "E-Commerce", "E-Commerce\E-Commerce.csproj", "{3B5EA39A-059B-4C06-8574-97F18B5F8F0E}"
EndProject
Project("{FAE04EC0-301F-11D3-BF4B-00C04F79EFBC}") = "UnitTest_E-Commerce", "UnitTest_E-Commerce\UnitTest_E-Commerce.csproj", "{473A0ABD-B007-4BBF-BFCE-8E81C3C2590E}"
EndProject
Project("{FAE04EC0-301F-11D3-BF4B-00C04F79EFBC}") = "WebAPI_E-Commerce", "WebAPI_E-Commerce\WebAPI_E-Commerce.csproj", "{94F5607F-62D2-42D0-898D-6550C2A24545}"
EndProject
Project("{FAE04EC0-301F-11D3-BF4B-00C04F79EFBC}") = "Api", "Api\Api.csproj", "{83D0FEB6-ED2B-456F-86B0-875D8071311B}"
EndProject
Global
	GlobalSection(SolutionConfigurationPlatforms) = preSolution
		Debug|Any CPU = Debug|Any CPU
		Release|Any CPU = Release|Any CPU
	EndGlobalSection
	GlobalSection(ProjectConfigurationPlatforms) = postSolution
		{3B5EA39A-059B-4C06-8574-97F18B5F8F0E}.Debug|Any CPU.ActiveCfg = Debug|Any CPU
		{3B5EA39A-059B-4C06-8574-97F18B5F8F0E}.Debug|Any CPU.Build.0 = Debug|Any CPU
		{3B5EA39A-059B-4C06-8574-97F18B5F8F0E}.Release|Any CPU.ActiveCfg = Release|Any CPU
		{3B5EA39A-059B-4C06-8574-97F18B5F8F0E}.Release|Any CPU.Build.0 = Release|Any CPU
		{473A0ABD-B007-4BBF-BFCE-8E81C3C2590E}.Debug|Any CPU.ActiveCfg = Debug|Any CPU
		{473A0ABD-B007-4BBF-BFCE-8E81C3C2590E}.Debug|Any CPU.Build.0 = Debug|Any CPU
		{473A0ABD-B007-4BBF-BFCE-8E81C3C2590E}.Release|Any CPU.ActiveCfg = Release|Any CPU
		{473A0ABD-B007-4BBF-BFCE-8E81C3C2590E}.Release|Any CPU.Build.0 = Release|Any CPU
		{94F5607F-62D2-42D0-898D-6550C2A24545}.Debug|Any CPU.ActiveCfg = Debug|Any CPU
		{94F5607F-62D2-42D0-898D-6550C2A24545}.Debug|Any CPU.Build.0 = Debug|Any CPU
		{94F5607F-62D2-42D0-898D-6550C2A24545}.Release|Any CPU.ActiveCfg = Release|Any CPU
		{94F5607F-62D2-42D0-898D-6550C2A24545}.Release|Any CPU.Build.0 = Release|Any CPU
		{83D0FEB6-ED2B-456F-86B0-875D8071311B}.Debug|Any CPU.ActiveCfg = Debug|Any CPU
		{83D0FEB6-ED2B-456F-86B0-875D8071311B}.Debug|Any CPU.Build.0 = Debug|Any CPU
		{83D0FEB6-ED2B-456F-86B0-875D8071311B}.Release|Any CPU.ActiveCfg = Release|Any CPU
		{83D0FEB6-ED2B-456F-86B0-875D8071311B}.Release|Any CPU.Build.0 = Release|Any CPU
	EndGlobalSection
	GlobalSection(SolutionProperties) = preSolution
		HideSolutionNode = FALSE
	EndGlobalSection
	GlobalSection(ExtensibilityGlobals) = postSolution
		SolutionGuid = {601FD969-2BEC-4DA2-8FF4-E29027BFF54C}
	EndGlobalSection
EndGlobal
